{
    "_meta": {
        "hash": {
            "sha256": "d9db2ec0a62755168954af4dadac772c62c038f3688f27438bcaf4595e18bdb8"
        },
        "pipfile-spec": 6,
        "requires": {
            "python_version": "3.10"
        },
        "sources": [
            {
                "name": "pypi",
                "url": "https://pypi.org/simple",
                "verify_ssl": true
            }
        ]
    },
    "default": {
        "nuitka": {
            "hashes": [
                "sha256:aa9cd2a34d64abb929e69aca4ec2018bad562c950fcac0fad2d28b61a4d522e4"
            ],
            "index": "pypi",
            "version": "==1.5.7"
        },
        "ordered-set": {
            "hashes": [
                "sha256:046e1132c71fcf3330438a539928932caf51ddbc582496833e23de611de14562",
                "sha256:694a8e44c87657c59292ede72891eb91d34131f6531463aab3009191c77364a8"
            ],
            "markers": "python_version >= '3.7'",
            "version": "==4.1.0"
        },
        "pyqt5": {
            "hashes": [
                "sha256:883ba5c8a348be78c8be6a3d3ba014c798e679503bce00d76c666c2dc6afe828",
                "sha256:dc41e8401a90dc3e2b692b411bd5492ab559ae27a27424eed4bd3915564ec4c0",
                "sha256:dd5ce10e79fbf1df29507d2daf99270f2057cdd25e4de6fbf2052b46c652e3a5",
                "sha256:e030d795df4cbbfcf4f38b18e2e119bcc9e177ef658a5094b87bb16cac0ce4c5",
                "sha256:e45c5cc15d4fd26ab5cb0e5cdba60691a3e9086411f8e3662db07a5a4222a696"
            ],
            "index": "pypi",
            "version": "==5.15.9"
        },
        "pyqt5-qt5": {
            "hashes": [
                "sha256:1988f364ec8caf87a6ee5d5a3a5210d57539988bf8e84714c7d60972692e2f4a",
                "sha256:750b78e4dba6bdf1607febedc08738e318ea09e9b10aea9ff0d73073f11f6962",
                "sha256:76980cd3d7ae87e3c7a33bfebfaee84448fd650bad6840471d6cae199b56e154",
                "sha256:9cc7a768b1921f4b982ebc00a318ccb38578e44e45316c7a4a850e953e1dd327"
            ],
            "version": "==5.15.2"
        },
        "pyqt5-sip": {
            "hashes": [
                "sha256:0e30f6c9b99161d8a524d8b7aa5a001be5fe002797151c27414066b838beaa4e",
                "sha256:1364f460ae07fc2f4c42dd7a3b3738611b29f5c033025e5e70b03e2687d4bda4",
                "sha256:2a344855b9c57d37cf000afa46967961122fb1867faee4f53054ebaa1ce51e24",
                "sha256:2e3d444f5cb81261c22e7c9d3a9a4484bb9db7a1a3077559100175d36297d1da",
                "sha256:3dad0b2bbe0bae4916e43610186d425cd186469b2e6c7ff853177c113b6af6ed",
                "sha256:51720277a53d99bac0914fb970970c9c2ec1a6ab3b7cc5580909d37d9cc6b152",
                "sha256:59229c8d30141220a472ba4e4212846e8bf0bed84c32cbeb57f70fe727c6dfc2",
                "sha256:5a9cbcfe8c15d3a34ef33570f0b0130b8ba68b98fd6ec92c28202b186f3ab870",
                "sha256:644310dcfed4373075bc576717eea60b0f49899beb5cffb204ddaf5f27cddb85",
                "sha256:6cb6139b00e347e7d961467d092e67c47a97893bc6ab83104bcaf50bf4815036",
                "sha256:7afc6ec06e79a3e0a7b447e28ef46dad372bdca32e7eff0dcbac6bc53b69a070",
                "sha256:7ed598ff1b666f9e5e0214be7840f308f8fb347fe416a2a45fbedab046a7120b",
                "sha256:8a2e48a331024a225128f94f5d0fb8089e924419693b2e03eda4d5dbc4313b52",
                "sha256:8fdc6e0148abd12d977a1d3828e7b79aae958e83c6cb5adae614916d888a6b10",
                "sha256:9e21e11eb6fb468affe0d72ff922788c2adc124480bb274941fce93ddb122b8f",
                "sha256:a65f5869f3f35330c920c1b218319140c0b84f8c49a20727b5e3df2acd496833",
                "sha256:b5b7a6c76fe3eb6b245ac6599c807b18e9a718167878a0b547db1d071a914c08",
                "sha256:d1378815b15198ce6dddd367fbd81f5c018ce473a89ae938b7a58e1d97f25b10",
                "sha256:e0241b62f5ca9aaff1037f12e6f5ed68168e7200e14e73f05b632381cee0ff4b",
                "sha256:eee684532876775e1d0fa20d4aae1b568aaa6c732d74e6657ee832e427d46947",
                "sha256:f5ac060219c127a5b9009a4cfe33086e36c6bb8e26c0b757b31a6c04d29d630d"
            ],
            "markers": "python_version >= '3.7'",
            "version": "==12.12.1"
        },
        "pyqtwebengine": {
            "hashes": [
                "sha256:67110bc9d5b7e633dcc242b8228cc54b1532abc039fdf534b383ac40a60b7ba3",
                "sha256:8c2fce2458e7b781d2cc3070b336f67d39a717c5eef2f823cae501d5d9f200de",
                "sha256:a90c945606683a53c9b264a7509943fd835d50366d535c22ddde952f23d35748",
                "sha256:ae241ef2a61c782939c58b52c2aea53ad99b30f3934c8358d5e0a6ebb3fd0721",
                "sha256:dbd1a768877040050d3159270f5ab95758af4954c4cb4e54195bd3cad519d5b6"
            ],
            "index": "pypi",
            "version": "==5.15.6"
        },
        "pyqtwebengine-qt5": {
            "hashes": [
                "sha256:24231f19e1595018779977de6722b5c69f3d03f34a5f7574ff21cd1e764ef76d",
                "sha256:9e80b408d8de09d4e708d5d84c3ceaf3603292ff8f5e566ae44bb0320fa59c33",
                "sha256:bc7b1fd1f4f8138d59b0b0245d601fb2c5c0aa1e1e7e853b713e52a3165d147e",
                "sha256:ec2acb1780c0124ef060c310e00ca701f388d8b6c35bba9127f7a6f0dc536f77"
            ],
            "version": "==5.15.2"
        },
        "send2trash": {
            "hashes": [
                "sha256:a384719d99c07ce1eefd6905d2decb6f8b7ed054025bb0e618919f945de4f679",
                "sha256:c132d59fa44b9ca2b1699af5c86f57ce9f4c5eb56629d5d55fbb7a35f84e2312"
            ],
            "index": "pypi",
            "version": "==1.8.2"
        },
        "zstandard": {
            "hashes": [
                "sha256:0aad6090ac164a9d237d096c8af241b8dcd015524ac6dbec1330092dba151657",
                "sha256:0bdbe350691dec3078b187b8304e6a9c4d9db3eb2d50ab5b1d748533e746d099",
                "sha256:0e1e94a9d9e35dc04bf90055e914077c80b1e0c15454cc5419e82529d3e70728",
                "sha256:1243b01fb7926a5a0417120c57d4c28b25a0200284af0525fddba812d575f605",
                "sha256:144a4fe4be2e747bf9c646deab212666e39048faa4372abb6a250dab0f347a29",
                "sha256:14e10ed461e4807471075d4b7a2af51f5234c8f1e2a0c1d37d5ca49aaaad49e8",
                "sha256:1545fb9cb93e043351d0cb2ee73fa0ab32e61298968667bb924aac166278c3fc",
                "sha256:1e6e131a4df2eb6f64961cea6f979cdff22d6e0d5516feb0d09492c8fd36f3bc",
                "sha256:25fbfef672ad798afab12e8fd204d122fca3bc8e2dcb0a2ba73bf0a0ac0f5f07",
                "sha256:2769730c13638e08b7a983b32cb67775650024632cd0476bf1ba0e6360f5ac7d",
                "sha256:48b6233b5c4cacb7afb0ee6b4f91820afbb6c0e3ae0fa10abbc20000acdf4f11",
                "sha256:4af612c96599b17e4930fe58bffd6514e6c25509d120f4eae6031b7595912f85",
                "sha256:52b2b5e3e7670bd25835e0e0730a236f2b0df87672d99d3bf4bf87248aa659fb",
                "sha256:57ac078ad7333c9db7a74804684099c4c77f98971c151cee18d17a12649bc25c",
                "sha256:62957069a7c2626ae80023998757e27bd28d933b165c487ab6f83ad3337f773d",
                "sha256:649a67643257e3b2cff1c0a73130609679a5673bf389564bc6d4b164d822a7ce",
                "sha256:67829fdb82e7393ca68e543894cd0581a79243cc4ec74a836c305c70a5943f07",
                "sha256:7d3bc4de588b987f3934ca79140e226785d7b5e47e31756761e48644a45a6766",
                "sha256:7f2afab2c727b6a3d466faee6974a7dad0d9991241c498e7317e5ccf53dbc766",
                "sha256:8070c1cdb4587a8aa038638acda3bd97c43c59e1e31705f2766d5576b329e97c",
                "sha256:8257752b97134477fb4e413529edaa04fc0457361d304c1319573de00ba796b1",
                "sha256:9980489f066a391c5572bc7dc471e903fb134e0b0001ea9b1d3eff85af0a6f1b",
                "sha256:9cff89a036c639a6a9299bf19e16bfb9ac7def9a7634c52c257166db09d950e7",
                "sha256:a8d200617d5c876221304b0e3fe43307adde291b4a897e7b0617a61611dfff6a",
                "sha256:a9fec02ce2b38e8b2e86079ff0b912445495e8ab0b137f9c0505f88ad0d61296",
                "sha256:b1367da0dde8ae5040ef0413fb57b5baeac39d8931c70536d5f013b11d3fc3a5",
                "sha256:b69cccd06a4a0a1d9fb3ec9a97600055cf03030ed7048d4bcb88c574f7895773",
                "sha256:b72060402524ab91e075881f6b6b3f37ab715663313030d0ce983da44960a86f",
                "sha256:c053b7c4cbf71cc26808ed67ae955836232f7638444d709bfc302d3e499364fa",
                "sha256:cff891e37b167bc477f35562cda1248acc115dbafbea4f3af54ec70821090965",
                "sha256:d12fa383e315b62630bd407477d750ec96a0f438447d0e6e496ab67b8b451d39",
                "sha256:d2d61675b2a73edcef5e327e38eb62bdfc89009960f0e3991eae5cc3d54718de",
                "sha256:db62cbe7a965e68ad2217a056107cc43d41764c66c895be05cf9c8b19578ce9c",
                "sha256:ddb086ea3b915e50f6604be93f4f64f168d3fc3cef3585bb9a375d5834392d4f",
                "sha256:df28aa5c241f59a7ab524f8ad8bb75d9a23f7ed9d501b0fed6d40ec3064784e8",
                "sha256:e1e0c62a67ff425927898cf43da2cf6b852289ebcc2054514ea9bf121bec10a5",
                "sha256:e6048a287f8d2d6e8bc67f6b42a766c61923641dd4022b7fd3f7439e17ba5a4d",
                "sha256:e7d560ce14fd209db6adacce8908244503a009c6c39eee0c10f138996cd66d3e",
                "sha256:ea68b1ba4f9678ac3d3e370d96442a6332d431e5050223626bdce748692226ea",
                "sha256:f08e3a10d01a247877e4cb61a82a319ea746c356a3786558bed2481e6c405546",
                "sha256:f1b9703fe2e6b6811886c44052647df7c37478af1b4a1a9078585806f42e5b15",
                "sha256:fe6c821eb6870f81d73bf10e5deed80edcac1e63fbc40610e61f340723fd5f7c",
                "sha256:ff0852da2abe86326b20abae912d0367878dd0854b8931897d44cfeb18985472"
            ],
            "markers": "python_version >= '3.7'",
            "version": "==0.21.0"
        }
    },
    "develop": {}
}
